{
  "name": "yelpbot",
  "version": "1.0.0",
  "lockfileVersion": 1,
  "requires": true,
  "dependencies": {
    "@tonybadguy/call-me-maybe": {
      "version": "2.1.1",
      "resolved": "https://registry.npmjs.org/@tonybadguy/call-me-maybe/-/call-me-maybe-2.1.1.tgz",
      "integrity": "sha512-Gc7G5o5Wd5I0d3ohzoZmqb1Jowr8sGURcFmGsoqiPk2ydFjwtYXRQTb4eYoJ1dZqdBlQGHRmL5mmbiMm4Kl2/w==",
      "requires": {
        "caseless": "0.11.0",
        "error": "7.2.1",
        "small-request": "2.1.0",
        "string-template": "1.0.0"
      }
    },
    "async-limiter": {
      "version": "1.0.1",
      "resolved": "https://registry.npmjs.org/async-limiter/-/async-limiter-1.0.1.tgz",
      "integrity": "sha512-csOlWGAcRFJaI6m+F2WKdnMKr4HhdhFVBk0H/QbJFMCr+uO2kwohwXQPxw/9OCxp05r5ghVBFSyioixx3gfkNQ=="
    },
    "caseless": {
      "version": "0.11.0",
      "resolved": "https://registry.npmjs.org/caseless/-/caseless-0.11.0.tgz",
      "integrity": "sha1-cVuW6phBWTzDMGeSP17GDr2k99c="
    },
    "discord.js": {
      "version": "11.6.1",
      "resolved": "https://registry.npmjs.org/discord.js/-/discord.js-11.6.1.tgz",
      "integrity": "sha512-UV7rMQL2xtHtbHAaGwRlAhEepHjz3V0UEEoWd89QbLMu3MV0D7+xkYCaAhlxnvuJWbhPO8p49Anx8qJ/SrcdwQ==",
      "requires": {
        "long": "4.0.0",
        "prism-media": "0.0.4",
        "snekfetch": "3.6.4",
        "tweetnacl": "1.0.3",
        "ws": "6.2.1"
      }
    },
    "error": {
      "version": "7.2.1",
      "resolved": "https://registry.npmjs.org/error/-/error-7.2.1.tgz",
      "integrity": "sha512-fo9HBvWnx3NGUKMvMwB/CBCMMrfEJgbDTVDEkPygA3Bdd3lM1OyCd+rbQ8BwnpF6GdVeOLDNmyL4N5Bg80ZvdA==",
      "requires": {
        "string-template": "0.2.1"
      },
      "dependencies": {
        "string-template": {
          "version": "0.2.1",
          "resolved": "https://registry.npmjs.org/string-template/-/string-template-0.2.1.tgz",
          "integrity": "sha1-QpMuWYo1LQH8IuwzZ9nYTuxsmt0="
        }
      }
    },
    "long": {
      "version": "4.0.0",
      "resolved": "https://registry.npmjs.org/long/-/long-4.0.0.tgz",
      "integrity": "sha512-XsP+KhQif4bjX1kbuSiySJFNAehNxgLb6hPRGJ9QsUr8ajHkuXGdrHmFUTUUXhDwVX2R5bY4JNZEwbUiMhV+MA=="
    },
    "prism-media": {
      "version": "0.0.4",
      "resolved": "https://registry.npmjs.org/prism-media/-/prism-media-0.0.4.tgz",
      "integrity": "sha512-dG2w7WtovUa4SiYTdWn9H8Bd4JNdei2djtkP/Bk9fXq81j5Q15ZPHYSwhUVvBRbp5zMkGtu0Yk62HuMcly0pRw=="
    },
    "request-function": {
      "version": "2.0.0",
      "resolved": "https://registry.npmjs.org/request-function/-/request-function-2.0.0.tgz",
      "integrity": "sha1-J6rOJ/hx48L9SKGdrXXKOExLhlQ=",
      "requires": {
        "error": "7.2.1"
      }
    },
    "small-request": {
      "version": "2.1.0",
      "resolved": "https://registry.npmjs.org/small-request/-/small-request-2.1.0.tgz",
      "integrity": "sha512-tQlteNci7wsIsmt7KoyZj0izeuY718NBeKVhJdWxTmQHKsJp4INUhWLTJ000EzNu9p41TqbGPOrSl0wroK581Q==",
      "requires": {
        "request-function": "2.0.0"
      }
    },
    "snekfetch": {
      "version": "3.6.4",
      "resolved": "https://registry.npmjs.org/snekfetch/-/snekfetch-3.6.4.tgz",
      "integrity": "sha512-NjxjITIj04Ffqid5lqr7XdgwM7X61c/Dns073Ly170bPQHLm6jkmelye/eglS++1nfTWktpP6Y2bFXjdPlQqdw=="
    },
    "string-template": {
      "version": "1.0.0",
      "resolved": "https://registry.npmjs.org/string-template/-/string-template-1.0.0.tgz",
      "integrity": "sha1-np8iM9wA8hhxjsN5oopWc+zKi5Y="
    },
    "tweetnacl": {
      "version": "1.0.3",
      "resolved": "https://registry.npmjs.org/tweetnacl/-/tweetnacl-1.0.3.tgz",
      "integrity": "sha512-6rt+RN7aOi1nGMyC4Xa5DdYiukl2UWCbcJft7YhxReBGQD7OAM8Pbxw6YMo4r2diNEA8FEmu32YOn9rhaiE5yw=="
    },
    "ws": {
      "version": "6.2.1",
      "resolved": "https://registry.npmjs.org/ws/-/ws-6.2.1.tgz",
      "integrity": "sha512-GIyAXC2cB7LjvpgMt9EKS2ldqr0MTrORaleiOno6TweZ6r3TKtoFQWay/2PceJ3RuBasOHzXNn5Lrw1X0bEjqA==",
      "requires": {
        "async-limiter": "1.0.1"
      }
    },
    "yelp-fusion": {
      "version": "3.0.0",
      "resolved": "https://registry.npmjs.org/yelp-fusion/-/yelp-fusion-3.0.0.tgz",
      "integrity": "sha512-Os4A0+v980W8sm4kurUpK4E0FMS5hvtA0//g7Jb9QI2gS7WfX/1Zw12S792LKt3YM/qJNow7XIR2g3bONlX/fg==",
      "requires": {
        "@tonybadguy/call-me-maybe": "2.1.1"
      }
    }
  }
}
